
Microsoft Visual Studio Solution File, Format Version 12.00
# Visual Studio 2012
Project("{FAE04EC0-301F-11D3-BF4B-00C04F79EFBC}") = "MetroMad", "MetroMad\MetroMad.csproj", "{E8687BAC-01FD-4FB4-B1A6-EB0EF045D511}"
EndProject
Project("{FAE04EC0-301F-11D3-BF4B-00C04F79EFBC}") = "DigitalRune.Windows.TextEditor", "MetroMad\DigitalRune.Windows.TextEditor\DigitalRune.Windows.TextEditor.csproj", "{2D18BE89-D210-49EB-A9DD-2246FBB3DF6D}"
EndProject
Project("{8BC9CEB8-8B4A-11D0-8D11-00A0C91BC942}") = "glua", "glua\glua\glua.vcxproj", "{4864EA2A-A0FA-41CA-A12C-3ED05B531287}"
EndProject
Project("{FAE04EC0-301F-11D3-BF4B-00C04F79EFBC}") = "NLua", "gmlua\NLua\NLua.csproj", "{F55CABBB-4108-4A39-94E1-581FD46DC021}"
EndProject
Project("{FAE04EC0-301F-11D3-BF4B-00C04F79EFBC}") = "KeraLua", "gmlua\NLua\gblua\KeraLua\KeraLua.csproj", "{47153754-10F5-44D8-B578-F5A32B69061A}"
EndProject
Global
	GlobalSection(SolutionConfigurationPlatforms) = preSolution
		Debug|Any CPU = Debug|Any CPU
		Debug|Mixed Platforms = Debug|Mixed Platforms
		Debug|Win32 = Debug|Win32
		DebugKopiLua|Any CPU = DebugKopiLua|Any CPU
		DebugKopiLua|Mixed Platforms = DebugKopiLua|Mixed Platforms
		DebugKopiLua|Win32 = DebugKopiLua|Win32
		Release|Any CPU = Release|Any CPU
		Release|Mixed Platforms = Release|Mixed Platforms
		Release|Win32 = Release|Win32
		ReleaseKopiLua|Any CPU = ReleaseKopiLua|Any CPU
		ReleaseKopiLua|Mixed Platforms = ReleaseKopiLua|Mixed Platforms
		ReleaseKopiLua|Win32 = ReleaseKopiLua|Win32
	EndGlobalSection
	GlobalSection(ProjectConfigurationPlatforms) = postSolution
		{E8687BAC-01FD-4FB4-B1A6-EB0EF045D511}.Debug|Any CPU.ActiveCfg = Debug|Any CPU
		{E8687BAC-01FD-4FB4-B1A6-EB0EF045D511}.Debug|Any CPU.Build.0 = Debug|Any CPU
		{E8687BAC-01FD-4FB4-B1A6-EB0EF045D511}.Debug|Mixed Platforms.ActiveCfg = Debug|Any CPU
		{E8687BAC-01FD-4FB4-B1A6-EB0EF045D511}.Debug|Mixed Platforms.Build.0 = Debug|Any CPU
		{E8687BAC-01FD-4FB4-B1A6-EB0EF045D511}.Debug|Win32.ActiveCfg = Debug|Any CPU
		{E8687BAC-01FD-4FB4-B1A6-EB0EF045D511}.DebugKopiLua|Any CPU.ActiveCfg = Debug|Any CPU
		{E8687BAC-01FD-4FB4-B1A6-EB0EF045D511}.DebugKopiLua|Any CPU.Build.0 = Debug|Any CPU
		{E8687BAC-01FD-4FB4-B1A6-EB0EF045D511}.DebugKopiLua|Mixed Platforms.ActiveCfg = Debug|Any CPU
		{E8687BAC-01FD-4FB4-B1A6-EB0EF045D511}.DebugKopiLua|Mixed Platforms.Build.0 = Debug|Any CPU
		{E8687BAC-01FD-4FB4-B1A6-EB0EF045D511}.DebugKopiLua|Win32.ActiveCfg = Debug|Any CPU
		{E8687BAC-01FD-4FB4-B1A6-EB0EF045D511}.Release|Any CPU.ActiveCfg = Release|Any CPU
		{E8687BAC-01FD-4FB4-B1A6-EB0EF045D511}.Release|Any CPU.Build.0 = Release|Any CPU
		{E8687BAC-01FD-4FB4-B1A6-EB0EF045D511}.Release|Mixed Platforms.ActiveCfg = Release|Any CPU
		{E8687BAC-01FD-4FB4-B1A6-EB0EF045D511}.Release|Mixed Platforms.Build.0 = Release|Any CPU
		{E8687BAC-01FD-4FB4-B1A6-EB0EF045D511}.Release|Win32.ActiveCfg = Release|Any CPU
		{E8687BAC-01FD-4FB4-B1A6-EB0EF045D511}.ReleaseKopiLua|Any CPU.ActiveCfg = Release|Any CPU
		{E8687BAC-01FD-4FB4-B1A6-EB0EF045D511}.ReleaseKopiLua|Any CPU.Build.0 = Release|Any CPU
		{E8687BAC-01FD-4FB4-B1A6-EB0EF045D511}.ReleaseKopiLua|Mixed Platforms.ActiveCfg = Release|Any CPU
		{E8687BAC-01FD-4FB4-B1A6-EB0EF045D511}.ReleaseKopiLua|Mixed Platforms.Build.0 = Release|Any CPU
		{E8687BAC-01FD-4FB4-B1A6-EB0EF045D511}.ReleaseKopiLua|Win32.ActiveCfg = Release|Any CPU
		{2D18BE89-D210-49EB-A9DD-2246FBB3DF6D}.Debug|Any CPU.ActiveCfg = Debug|Any CPU
		{2D18BE89-D210-49EB-A9DD-2246FBB3DF6D}.Debug|Any CPU.Build.0 = Debug|Any CPU
		{2D18BE89-D210-49EB-A9DD-2246FBB3DF6D}.Debug|Mixed Platforms.ActiveCfg = Debug|Any CPU
		{2D18BE89-D210-49EB-A9DD-2246FBB3DF6D}.Debug|Mixed Platforms.Build.0 = Debug|Any CPU
		{2D18BE89-D210-49EB-A9DD-2246FBB3DF6D}.Debug|Win32.ActiveCfg = Debug|Any CPU
		{2D18BE89-D210-49EB-A9DD-2246FBB3DF6D}.DebugKopiLua|Any CPU.ActiveCfg = Debug|Any CPU
		{2D18BE89-D210-49EB-A9DD-2246FBB3DF6D}.DebugKopiLua|Any CPU.Build.0 = Debug|Any CPU
		{2D18BE89-D210-49EB-A9DD-2246FBB3DF6D}.DebugKopiLua|Mixed Platforms.ActiveCfg = Debug|Any CPU
		{2D18BE89-D210-49EB-A9DD-2246FBB3DF6D}.DebugKopiLua|Mixed Platforms.Build.0 = Debug|Any CPU
		{2D18BE89-D210-49EB-A9DD-2246FBB3DF6D}.DebugKopiLua|Win32.ActiveCfg = Debug|Any CPU
		{2D18BE89-D210-49EB-A9DD-2246FBB3DF6D}.Release|Any CPU.ActiveCfg = Release|Any CPU
		{2D18BE89-D210-49EB-A9DD-2246FBB3DF6D}.Release|Any CPU.Build.0 = Release|Any CPU
		{2D18BE89-D210-49EB-A9DD-2246FBB3DF6D}.Release|Mixed Platforms.ActiveCfg = Release|Any CPU
		{2D18BE89-D210-49EB-A9DD-2246FBB3DF6D}.Release|Mixed Platforms.Build.0 = Release|Any CPU
		{2D18BE89-D210-49EB-A9DD-2246FBB3DF6D}.Release|Win32.ActiveCfg = Release|Any CPU
		{2D18BE89-D210-49EB-A9DD-2246FBB3DF6D}.ReleaseKopiLua|Any CPU.ActiveCfg = Release|Any CPU
		{2D18BE89-D210-49EB-A9DD-2246FBB3DF6D}.ReleaseKopiLua|Any CPU.Build.0 = Release|Any CPU
		{2D18BE89-D210-49EB-A9DD-2246FBB3DF6D}.ReleaseKopiLua|Mixed Platforms.ActiveCfg = Release|Any CPU
		{2D18BE89-D210-49EB-A9DD-2246FBB3DF6D}.ReleaseKopiLua|Mixed Platforms.Build.0 = Release|Any CPU
		{2D18BE89-D210-49EB-A9DD-2246FBB3DF6D}.ReleaseKopiLua|Win32.ActiveCfg = Release|Any CPU
		{4864EA2A-A0FA-41CA-A12C-3ED05B531287}.Debug|Any CPU.ActiveCfg = Debug|Win32
		{4864EA2A-A0FA-41CA-A12C-3ED05B531287}.Debug|Mixed Platforms.ActiveCfg = Debug|Win32
		{4864EA2A-A0FA-41CA-A12C-3ED05B531287}.Debug|Mixed Platforms.Build.0 = Debug|Win32
		{4864EA2A-A0FA-41CA-A12C-3ED05B531287}.Debug|Win32.ActiveCfg = Debug|Win32
		{4864EA2A-A0FA-41CA-A12C-3ED05B531287}.Debug|Win32.Build.0 = Debug|Win32
		{4864EA2A-A0FA-41CA-A12C-3ED05B531287}.DebugKopiLua|Any CPU.ActiveCfg = Debug|Win32
		{4864EA2A-A0FA-41CA-A12C-3ED05B531287}.DebugKopiLua|Mixed Platforms.ActiveCfg = Debug|Win32
		{4864EA2A-A0FA-41CA-A12C-3ED05B531287}.DebugKopiLua|Mixed Platforms.Build.0 = Debug|Win32
		{4864EA2A-A0FA-41CA-A12C-3ED05B531287}.DebugKopiLua|Win32.ActiveCfg = Debug|Win32
		{4864EA2A-A0FA-41CA-A12C-3ED05B531287}.DebugKopiLua|Win32.Build.0 = Debug|Win32
		{4864EA2A-A0FA-41CA-A12C-3ED05B531287}.Release|Any CPU.ActiveCfg = Release|Win32
		{4864EA2A-A0FA-41CA-A12C-3ED05B531287}.Release|Mixed Platforms.ActiveCfg = Release|Win32
		{4864EA2A-A0FA-41CA-A12C-3ED05B531287}.Release|Mixed Platforms.Build.0 = Release|Win32
		{4864EA2A-A0FA-41CA-A12C-3ED05B531287}.Release|Win32.ActiveCfg = Release|Win32
		{4864EA2A-A0FA-41CA-A12C-3ED05B531287}.Release|Win32.Build.0 = Release|Win32
		{4864EA2A-A0FA-41CA-A12C-3ED05B531287}.ReleaseKopiLua|Any CPU.ActiveCfg = Release|Win32
		{4864EA2A-A0FA-41CA-A12C-3ED05B531287}.ReleaseKopiLua|Mixed Platforms.ActiveCfg = Release|Win32
		{4864EA2A-A0FA-41CA-A12C-3ED05B531287}.ReleaseKopiLua|Mixed Platforms.Build.0 = Release|Win32
		{4864EA2A-A0FA-41CA-A12C-3ED05B531287}.ReleaseKopiLua|Win32.ActiveCfg = Release|Win32
		{4864EA2A-A0FA-41CA-A12C-3ED05B531287}.ReleaseKopiLua|Win32.Build.0 = Release|Win32
		{F55CABBB-4108-4A39-94E1-581FD46DC021}.Debug|Any CPU.ActiveCfg = Debug|Any CPU
		{F55CABBB-4108-4A39-94E1-581FD46DC021}.Debug|Any CPU.Build.0 = Debug|Any CPU
		{F55CABBB-4108-4A39-94E1-581FD46DC021}.Debug|Mixed Platforms.ActiveCfg = Debug|Any CPU
		{F55CABBB-4108-4A39-94E1-581FD46DC021}.Debug|Mixed Platforms.Build.0 = Debug|Any CPU
		{F55CABBB-4108-4A39-94E1-581FD46DC021}.Debug|Win32.ActiveCfg = Debug|Any CPU
		{F55CABBB-4108-4A39-94E1-581FD46DC021}.DebugKopiLua|Any CPU.ActiveCfg = DebugKopiLua|Any CPU
		{F55CABBB-4108-4A39-94E1-581FD46DC021}.DebugKopiLua|Any CPU.Build.0 = DebugKopiLua|Any CPU
		{F55CABBB-4108-4A39-94E1-581FD46DC021}.DebugKopiLua|Mixed Platforms.ActiveCfg = DebugKopiLua|Any CPU
		{F55CABBB-4108-4A39-94E1-581FD46DC021}.DebugKopiLua|Mixed Platforms.Build.0 = DebugKopiLua|Any CPU
		{F55CABBB-4108-4A39-94E1-581FD46DC021}.DebugKopiLua|Win32.ActiveCfg = DebugKopiLua|Any CPU
		{F55CABBB-4108-4A39-94E1-581FD46DC021}.Release|Any CPU.ActiveCfg = Release|Any CPU
		{F55CABBB-4108-4A39-94E1-581FD46DC021}.Release|Any CPU.Build.0 = Release|Any CPU
		{F55CABBB-4108-4A39-94E1-581FD46DC021}.Release|Mixed Platforms.ActiveCfg = Release|Any CPU
		{F55CABBB-4108-4A39-94E1-581FD46DC021}.Release|Mixed Platforms.Build.0 = Release|Any CPU
		{F55CABBB-4108-4A39-94E1-581FD46DC021}.Release|Win32.ActiveCfg = Release|Any CPU
		{F55CABBB-4108-4A39-94E1-581FD46DC021}.ReleaseKopiLua|Any CPU.ActiveCfg = ReleaseKopiLua|Any CPU
		{F55CABBB-4108-4A39-94E1-581FD46DC021}.ReleaseKopiLua|Any CPU.Build.0 = ReleaseKopiLua|Any CPU
		{F55CABBB-4108-4A39-94E1-581FD46DC021}.ReleaseKopiLua|Mixed Platforms.ActiveCfg = ReleaseKopiLua|Any CPU
		{F55CABBB-4108-4A39-94E1-581FD46DC021}.ReleaseKopiLua|Mixed Platforms.Build.0 = ReleaseKopiLua|Any CPU
		{F55CABBB-4108-4A39-94E1-581FD46DC021}.ReleaseKopiLua|Win32.ActiveCfg = ReleaseKopiLua|Any CPU
		{47153754-10F5-44D8-B578-F5A32B69061A}.Debug|Any CPU.ActiveCfg = Debug|Any CPU
		{47153754-10F5-44D8-B578-F5A32B69061A}.Debug|Any CPU.Build.0 = Debug|Any CPU
		{47153754-10F5-44D8-B578-F5A32B69061A}.Debug|Mixed Platforms.ActiveCfg = Debug|Any CPU
		{47153754-10F5-44D8-B578-F5A32B69061A}.Debug|Mixed Platforms.Build.0 = Debug|Any CPU
		{47153754-10F5-44D8-B578-F5A32B69061A}.Debug|Win32.ActiveCfg = Debug|Any CPU
		{47153754-10F5-44D8-B578-F5A32B69061A}.DebugKopiLua|Any CPU.ActiveCfg = DebugKopiLua|Any CPU
		{47153754-10F5-44D8-B578-F5A32B69061A}.DebugKopiLua|Any CPU.Build.0 = DebugKopiLua|Any CPU
		{47153754-10F5-44D8-B578-F5A32B69061A}.DebugKopiLua|Mixed Platforms.ActiveCfg = DebugKopiLua|Any CPU
		{47153754-10F5-44D8-B578-F5A32B69061A}.DebugKopiLua|Mixed Platforms.Build.0 = DebugKopiLua|Any CPU
		{47153754-10F5-44D8-B578-F5A32B69061A}.DebugKopiLua|Win32.ActiveCfg = DebugKopiLua|Any CPU
		{47153754-10F5-44D8-B578-F5A32B69061A}.Release|Any CPU.ActiveCfg = Release|Any CPU
		{47153754-10F5-44D8-B578-F5A32B69061A}.Release|Any CPU.Build.0 = Release|Any CPU
		{47153754-10F5-44D8-B578-F5A32B69061A}.Release|Mixed Platforms.ActiveCfg = Release|Any CPU
		{47153754-10F5-44D8-B578-F5A32B69061A}.Release|Mixed Platforms.Build.0 = Release|Any CPU
		{47153754-10F5-44D8-B578-F5A32B69061A}.Release|Win32.ActiveCfg = Release|Any CPU
		{47153754-10F5-44D8-B578-F5A32B69061A}.ReleaseKopiLua|Any CPU.ActiveCfg = ReleaseKopiLua|Any CPU
		{47153754-10F5-44D8-B578-F5A32B69061A}.ReleaseKopiLua|Any CPU.Build.0 = ReleaseKopiLua|Any CPU
		{47153754-10F5-44D8-B578-F5A32B69061A}.ReleaseKopiLua|Mixed Platforms.ActiveCfg = ReleaseKopiLua|Any CPU
		{47153754-10F5-44D8-B578-F5A32B69061A}.ReleaseKopiLua|Mixed Platforms.Build.0 = ReleaseKopiLua|Any CPU
		{47153754-10F5-44D8-B578-F5A32B69061A}.ReleaseKopiLua|Win32.ActiveCfg = ReleaseKopiLua|Any CPU
	EndGlobalSection
	GlobalSection(SolutionProperties) = preSolution
		HideSolutionNode = FALSE
	EndGlobalSection
EndGlobal
